
Microsoft Visual Studio Solution File, Format Version 12.00
# Visual Studio 15
VisualStudioVersion = 15.0.27428.2005
MinimumVisualStudioVersion = 10.0.40219.1
Project("{FAE04EC0-301F-11D3-BF4B-00C04F79EFBC}") = "AGaugeDemo", "AGaugeDemo.csproj", "{B5DBBA7D-17B1-4688-AB92-E09208D7D3BB}"
EndProject
Project("{FAE04EC0-301F-11D3-BF4B-00C04F79EFBC}") = "AGauge", "..\AGauge\AGauge.csproj", "{CBDB1D25-5A95-43D4-A958-BF6AE65C6C3F}"
EndProject
Global
	GlobalSection(SolutionConfigurationPlatforms) = preSolution
		Debug|Any CPU = Debug|Any CPU
		Debug|x86 = Debug|x86
		Release|Any CPU = Release|Any CPU
		Release|x86 = Release|x86
	EndGlobalSection
	GlobalSection(ProjectConfigurationPlatforms) = postSolution
		{B5DBBA7D-17B1-4688-AB92-E09208D7D3BB}.Debug|Any CPU.ActiveCfg = Debug|x86
		{B5DBBA7D-17B1-4688-AB92-E09208D7D3BB}.Debug|x86.ActiveCfg = Debug|x86
		{B5DBBA7D-17B1-4688-AB92-E09208D7D3BB}.Debug|x86.Build.0 = Debug|x86
		{B5DBBA7D-17B1-4688-AB92-E09208D7D3BB}.Release|Any CPU.ActiveCfg = Release|x86
		{B5DBBA7D-17B1-4688-AB92-E09208D7D3BB}.Release|x86.ActiveCfg = Release|x86
		{B5DBBA7D-17B1-4688-AB92-E09208D7D3BB}.Release|x86.Build.0 = Release|x86
		{CBDB1D25-5A95-43D4-A958-BF6AE65C6C3F}.Debug|Any CPU.ActiveCfg = Debug|Any CPU
		{CBDB1D25-5A95-43D4-A958-BF6AE65C6C3F}.Debug|Any CPU.Build.0 = Debug|Any CPU
		{CBDB1D25-5A95-43D4-A958-BF6AE65C6C3F}.Debug|x86.ActiveCfg = Debug|Any CPU
		{CBDB1D25-5A95-43D4-A958-BF6AE65C6C3F}.Debug|x86.Build.0 = Debug|Any CPU
		{CBDB1D25-5A95-43D4-A958-BF6AE65C6C3F}.Release|Any CPU.ActiveCfg = Release|Any CPU
		{CBDB1D25-5A95-43D4-A958-BF6AE65C6C3F}.Release|Any CPU.Build.0 = Release|Any CPU
		{CBDB1D25-5A95-43D4-A958-BF6AE65C6C3F}.Release|x86.ActiveCfg = Release|Any CPU
		{CBDB1D25-5A95-43D4-A958-BF6AE65C6C3F}.Release|x86.Build.0 = Release|Any CPU
	EndGlobalSection
	GlobalSection(SolutionProperties) = preSolution
		HideSolutionNode = FALSE
	EndGlobalSection
	GlobalSection(ExtensibilityGlobals) = postSolution
		SolutionGuid = {7B0A898B-58C6-4595-8DB7-D80B1262A998}
	EndGlobalSection
EndGlobal
